
Microsoft Visual Studio Solution File, Format Version 12.00
# Visual Studio 15
Project("{FAE04EC0-301F-11D3-BF4B-00C04F79EFBC}") = "SampleApp.iOS", "SampleApp.iOS\SampleApp.iOS.csproj", "{ED327DB3-5ADC-4997-96A0-582B2F81441B}"
EndProject
Project("{FAE04EC0-301F-11D3-BF4B-00C04F79EFBC}") = "SampleApp", "SampleApp\SampleApp.csproj", "{E95C64EF-BEA9-4A59-8293-27303C2276F6}"
EndProject
Global
	GlobalSection(SolutionConfigurationPlatforms) = preSolution
		Debug|iPhoneSimulator = Debug|iPhoneSimulator
		Release|iPhoneSimulator = Release|iPhoneSimulator
		Debug|iPhone = Debug|iPhone
		Release|iPhone = Release|iPhone
		Debug|Any CPU = Debug|Any CPU
		Release|Any CPU = Release|Any CPU
	EndGlobalSection
	GlobalSection(ProjectConfigurationPlatforms) = postSolution
		{ED327DB3-5ADC-4997-96A0-582B2F81441B}.Debug|iPhoneSimulator.ActiveCfg = Debug|iPhoneSimulator
		{ED327DB3-5ADC-4997-96A0-582B2F81441B}.Debug|iPhoneSimulator.Build.0 = Debug|iPhoneSimulator
		{ED327DB3-5ADC-4997-96A0-582B2F81441B}.Release|iPhoneSimulator.ActiveCfg = Release|iPhoneSimulator
		{ED327DB3-5ADC-4997-96A0-582B2F81441B}.Release|iPhoneSimulator.Build.0 = Release|iPhoneSimulator
		{ED327DB3-5ADC-4997-96A0-582B2F81441B}.Debug|iPhone.ActiveCfg = Debug|iPhone
		{ED327DB3-5ADC-4997-96A0-582B2F81441B}.Debug|iPhone.Build.0 = Debug|iPhone
		{ED327DB3-5ADC-4997-96A0-582B2F81441B}.Release|iPhone.ActiveCfg = Release|iPhone
		{ED327DB3-5ADC-4997-96A0-582B2F81441B}.Release|iPhone.Build.0 = Release|iPhone
		{ED327DB3-5ADC-4997-96A0-582B2F81441B}.Debug|Any CPU.ActiveCfg = Debug|iPhoneSimulator
		{ED327DB3-5ADC-4997-96A0-582B2F81441B}.Debug|Any CPU.Build.0 = Debug|iPhoneSimulator
		{ED327DB3-5ADC-4997-96A0-582B2F81441B}.Release|Any CPU.ActiveCfg = Release|iPhoneSimulator
		{ED327DB3-5ADC-4997-96A0-582B2F81441B}.Release|Any CPU.Build.0 = Release|iPhoneSimulator
		{E95C64EF-BEA9-4A59-8293-27303C2276F6}.Debug|iPhoneSimulator.ActiveCfg = Debug|Any CPU
		{E95C64EF-BEA9-4A59-8293-27303C2276F6}.Debug|iPhoneSimulator.Build.0 = Debug|Any CPU
		{E95C64EF-BEA9-4A59-8293-27303C2276F6}.Release|iPhoneSimulator.ActiveCfg = Release|Any CPU
		{E95C64EF-BEA9-4A59-8293-27303C2276F6}.Release|iPhoneSimulator.Build.0 = Release|Any CPU
		{E95C64EF-BEA9-4A59-8293-27303C2276F6}.Debug|iPhone.ActiveCfg = Debug|Any CPU
		{E95C64EF-BEA9-4A59-8293-27303C2276F6}.Debug|iPhone.Build.0 = Debug|Any CPU
		{E95C64EF-BEA9-4A59-8293-27303C2276F6}.Release|iPhone.ActiveCfg = Release|Any CPU
		{E95C64EF-BEA9-4A59-8293-27303C2276F6}.Release|iPhone.Build.0 = Release|Any CPU
		{E95C64EF-BEA9-4A59-8293-27303C2276F6}.Debug|Any CPU.ActiveCfg = Debug|Any CPU
		{E95C64EF-BEA9-4A59-8293-27303C2276F6}.Debug|Any CPU.Build.0 = Debug|Any CPU
		{E95C64EF-BEA9-4A59-8293-27303C2276F6}.Release|Any CPU.ActiveCfg = Release|Any CPU
		{E95C64EF-BEA9-4A59-8293-27303C2276F6}.Release|Any CPU.Build.0 = Release|Any CPU
	EndGlobalSection
EndGlobal
